
Microsoft Visual Studio Solution File, Format Version 12.00
# Visual Studio Version 17
VisualStudioVersion = 17.4.33205.214
MinimumVisualStudioVersion = 10.0.40219.1
Project("{FAE04EC0-301F-11D3-BF4B-00C04F79EFBC}") = "CarShopBackEnd", "CarShopBackEnd\CarShopBackEnd.csproj", "{4D93D285-8B29-49F6-A375-53B020DE0D95}"
EndProject
Global
	GlobalSection(SolutionConfigurationPlatforms) = preSolution
		Debug|Any CPU = Debug|Any CPU
		Release|Any CPU = Release|Any CPU
	EndGlobalSection
	GlobalSection(ProjectConfigurationPlatforms) = postSolution
		{4D93D285-8B29-49F6-A375-53B020DE0D95}.Debug|Any CPU.ActiveCfg = Debug|Any CPU
		{4D93D285-8B29-49F6-A375-53B020DE0D95}.Debug|Any CPU.Build.0 = Debug|Any CPU
		{4D93D285-8B29-49F6-A375-53B020DE0D95}.Release|Any CPU.ActiveCfg = Release|Any CPU
		{4D93D285-8B29-49F6-A375-53B020DE0D95}.Release|Any CPU.Build.0 = Release|Any CPU
	EndGlobalSection
	GlobalSection(SolutionProperties) = preSolution
		HideSolutionNode = FALSE
	EndGlobalSection
	GlobalSection(ExtensibilityGlobals) = postSolution
		SolutionGuid = {89F758A4-2535-4C38-9C4B-09F6F01CEC01}
	EndGlobalSection
EndGlobal
